
Microsoft Visual Studio Solution File, Format Version 12.00
# Visual Studio Version 16
VisualStudioVersion = 16.0.28606.126
MinimumVisualStudioVersion = 15.0.26124.0
Project("{2150E333-8FDC-42A3-9474-1A3956D46DE8}") = "src", "src", "{3D12606D-9919-4874-A10C-E37F1CB84CBC}"
EndProject
Project("{2150E333-8FDC-42A3-9474-1A3956D46DE8}") = "tests", "tests", "{43FBDDAF-4E0A-4D82-BCB2-002472E7F170}"
EndProject
Project("{2150E333-8FDC-42A3-9474-1A3956D46DE8}") = "datas", "datas", "{3C655E29-EC24-4364-8C90-E603710C0D11}"
EndProject
Project("{2150E333-8FDC-42A3-9474-1A3956D46DE8}") = "binary", "binary", "{40BBC8EA-F1B1-49B7-862D-6C6A142A83B9}"
EndProject
Project("{6EC3EE1D-3C4E-46DD-8F32-0CC8E7565705}") = "TestLib1", "tests\binary\datas\TestLib1\TestLib1.fsproj", "{B58DF1D6-5A8E-491E-B631-AE3039B20BAC}"
EndProject
Project("{6EC3EE1D-3C4E-46DD-8F32-0CC8E7565705}") = "TestProject", "tests\binary\datas\TestProject\TestProject.fsproj", "{84893D36-3697-4F60-891F-8DEE1CDB571D}"
EndProject
Project("{6EC3EE1D-3C4E-46DD-8F32-0CC8E7565705}") = "TestLib2", "tests\binary\datas\TestLib2\TestLib2.fsproj", "{728811A2-4BFC-4CE8-9133-08F81E850C57}"
EndProject
Project("{6EC3EE1D-3C4E-46DD-8F32-0CC8E7565705}") = "FsLive.Porta.Cli.Tests", "tests\FsLive.Porta.Cli.Tests\FsLive.Porta.Cli.Tests.fsproj", "{8AB50E75-DD41-49BF-A50E-669FC25220E8}"
EndProject
Project("{6EC3EE1D-3C4E-46DD-8F32-0CC8E7565705}") = "FsLive.Cli", "src\FsLive.Cli\FsLive.Cli.fsproj", "{0F731380-184F-4CF0-8A5A-241F5690AAB6}"
EndProject
Project("{6EC3EE1D-3C4E-46DD-8F32-0CC8E7565705}") = "FsLive.Binary", "src\FsLive.Binary\FsLive.Binary.fsproj", "{9F632200-3834-4315-8C6C-F908024A4C7E}"
EndProject
Project("{6EC3EE1D-3C4E-46DD-8F32-0CC8E7565705}") = "FsLive.Core", "src\FsLive.Core\FsLive.Core.fsproj", "{1C2D2989-DC48-481E-8AF2-DA980E12A5CE}"
EndProject
Project("{6EC3EE1D-3C4E-46DD-8F32-0CC8E7565705}") = "FsLive.Porta", "src\FsLive.Porta\FsLive.Porta.fsproj", "{CA54A1D1-71D4-4837-A7BF-145F34E4D0EF}"
EndProject
Project("{6EC3EE1D-3C4E-46DD-8F32-0CC8E7565705}") = "FsLive.Binary.InteractionTests", "tests\binary\FsLive.Binary.InteractionTests\FsLive.Binary.InteractionTests.fsproj", "{F150EA62-9FEC-4B29-9B6A-190F62B1BE73}"
EndProject
Project("{6EC3EE1D-3C4E-46DD-8F32-0CC8E7565705}") = "FsLive.Binary.Tests", "tests\binary\FsLive.Binary.Tests\FsLive.Binary.Tests.fsproj", "{48AB9C1D-F4E1-4E51-827E-DE508E9424F2}"
EndProject
Global
	GlobalSection(SolutionConfigurationPlatforms) = preSolution
		Debug|Any CPU = Debug|Any CPU
		Debug|x64 = Debug|x64
		Debug|x86 = Debug|x86
		Release|Any CPU = Release|Any CPU
		Release|x64 = Release|x64
		Release|x86 = Release|x86
	EndGlobalSection
	GlobalSection(ProjectConfigurationPlatforms) = postSolution
		{B58DF1D6-5A8E-491E-B631-AE3039B20BAC}.Debug|Any CPU.ActiveCfg = Debug|Any CPU
		{B58DF1D6-5A8E-491E-B631-AE3039B20BAC}.Debug|Any CPU.Build.0 = Debug|Any CPU
		{B58DF1D6-5A8E-491E-B631-AE3039B20BAC}.Debug|x64.ActiveCfg = Debug|Any CPU
		{B58DF1D6-5A8E-491E-B631-AE3039B20BAC}.Debug|x64.Build.0 = Debug|Any CPU
		{B58DF1D6-5A8E-491E-B631-AE3039B20BAC}.Debug|x86.ActiveCfg = Debug|Any CPU
		{B58DF1D6-5A8E-491E-B631-AE3039B20BAC}.Debug|x86.Build.0 = Debug|Any CPU
		{B58DF1D6-5A8E-491E-B631-AE3039B20BAC}.Release|Any CPU.ActiveCfg = Release|Any CPU
		{B58DF1D6-5A8E-491E-B631-AE3039B20BAC}.Release|Any CPU.Build.0 = Release|Any CPU
		{B58DF1D6-5A8E-491E-B631-AE3039B20BAC}.Release|x64.ActiveCfg = Release|Any CPU
		{B58DF1D6-5A8E-491E-B631-AE3039B20BAC}.Release|x64.Build.0 = Release|Any CPU
		{B58DF1D6-5A8E-491E-B631-AE3039B20BAC}.Release|x86.ActiveCfg = Release|Any CPU
		{B58DF1D6-5A8E-491E-B631-AE3039B20BAC}.Release|x86.Build.0 = Release|Any CPU
		{84893D36-3697-4F60-891F-8DEE1CDB571D}.Debug|Any CPU.ActiveCfg = Debug|Any CPU
		{84893D36-3697-4F60-891F-8DEE1CDB571D}.Debug|Any CPU.Build.0 = Debug|Any CPU
		{84893D36-3697-4F60-891F-8DEE1CDB571D}.Debug|x64.ActiveCfg = Debug|Any CPU
		{84893D36-3697-4F60-891F-8DEE1CDB571D}.Debug|x64.Build.0 = Debug|Any CPU
		{84893D36-3697-4F60-891F-8DEE1CDB571D}.Debug|x86.ActiveCfg = Debug|Any CPU
		{84893D36-3697-4F60-891F-8DEE1CDB571D}.Debug|x86.Build.0 = Debug|Any CPU
		{84893D36-3697-4F60-891F-8DEE1CDB571D}.Release|Any CPU.ActiveCfg = Release|Any CPU
		{84893D36-3697-4F60-891F-8DEE1CDB571D}.Release|Any CPU.Build.0 = Release|Any CPU
		{84893D36-3697-4F60-891F-8DEE1CDB571D}.Release|x64.ActiveCfg = Release|Any CPU
		{84893D36-3697-4F60-891F-8DEE1CDB571D}.Release|x64.Build.0 = Release|Any CPU
		{84893D36-3697-4F60-891F-8DEE1CDB571D}.Release|x86.ActiveCfg = Release|Any CPU
		{84893D36-3697-4F60-891F-8DEE1CDB571D}.Release|x86.Build.0 = Release|Any CPU
		{728811A2-4BFC-4CE8-9133-08F81E850C57}.Debug|Any CPU.ActiveCfg = Debug|Any CPU
		{728811A2-4BFC-4CE8-9133-08F81E850C57}.Debug|Any CPU.Build.0 = Debug|Any CPU
		{728811A2-4BFC-4CE8-9133-08F81E850C57}.Debug|x64.ActiveCfg = Debug|Any CPU
		{728811A2-4BFC-4CE8-9133-08F81E850C57}.Debug|x64.Build.0 = Debug|Any CPU
		{728811A2-4BFC-4CE8-9133-08F81E850C57}.Debug|x86.ActiveCfg = Debug|Any CPU
		{728811A2-4BFC-4CE8-9133-08F81E850C57}.Debug|x86.Build.0 = Debug|Any CPU
		{728811A2-4BFC-4CE8-9133-08F81E850C57}.Release|Any CPU.ActiveCfg = Release|Any CPU
		{728811A2-4BFC-4CE8-9133-08F81E850C57}.Release|Any CPU.Build.0 = Release|Any CPU
		{728811A2-4BFC-4CE8-9133-08F81E850C57}.Release|x64.ActiveCfg = Release|Any CPU
		{728811A2-4BFC-4CE8-9133-08F81E850C57}.Release|x64.Build.0 = Release|Any CPU
		{728811A2-4BFC-4CE8-9133-08F81E850C57}.Release|x86.ActiveCfg = Release|Any CPU
		{728811A2-4BFC-4CE8-9133-08F81E850C57}.Release|x86.Build.0 = Release|Any CPU
		{8AB50E75-DD41-49BF-A50E-669FC25220E8}.Debug|Any CPU.ActiveCfg = Debug|Any CPU
		{8AB50E75-DD41-49BF-A50E-669FC25220E8}.Debug|Any CPU.Build.0 = Debug|Any CPU
		{8AB50E75-DD41-49BF-A50E-669FC25220E8}.Debug|x64.ActiveCfg = Debug|Any CPU
		{8AB50E75-DD41-49BF-A50E-669FC25220E8}.Debug|x64.Build.0 = Debug|Any CPU
		{8AB50E75-DD41-49BF-A50E-669FC25220E8}.Debug|x86.ActiveCfg = Debug|Any CPU
		{8AB50E75-DD41-49BF-A50E-669FC25220E8}.Debug|x86.Build.0 = Debug|Any CPU
		{8AB50E75-DD41-49BF-A50E-669FC25220E8}.Release|Any CPU.ActiveCfg = Release|Any CPU
		{8AB50E75-DD41-49BF-A50E-669FC25220E8}.Release|Any CPU.Build.0 = Release|Any CPU
		{8AB50E75-DD41-49BF-A50E-669FC25220E8}.Release|x64.ActiveCfg = Release|Any CPU
		{8AB50E75-DD41-49BF-A50E-669FC25220E8}.Release|x64.Build.0 = Release|Any CPU
		{8AB50E75-DD41-49BF-A50E-669FC25220E8}.Release|x86.ActiveCfg = Release|Any CPU
		{8AB50E75-DD41-49BF-A50E-669FC25220E8}.Release|x86.Build.0 = Release|Any CPU
		{0F731380-184F-4CF0-8A5A-241F5690AAB6}.Debug|Any CPU.ActiveCfg = Debug|Any CPU
		{0F731380-184F-4CF0-8A5A-241F5690AAB6}.Debug|Any CPU.Build.0 = Debug|Any CPU
		{0F731380-184F-4CF0-8A5A-241F5690AAB6}.Debug|x64.ActiveCfg = Debug|Any CPU
		{0F731380-184F-4CF0-8A5A-241F5690AAB6}.Debug|x64.Build.0 = Debug|Any CPU
		{0F731380-184F-4CF0-8A5A-241F5690AAB6}.Debug|x86.ActiveCfg = Debug|Any CPU
		{0F731380-184F-4CF0-8A5A-241F5690AAB6}.Debug|x86.Build.0 = Debug|Any CPU
		{0F731380-184F-4CF0-8A5A-241F5690AAB6}.Release|Any CPU.ActiveCfg = Release|Any CPU
		{0F731380-184F-4CF0-8A5A-241F5690AAB6}.Release|Any CPU.Build.0 = Release|Any CPU
		{0F731380-184F-4CF0-8A5A-241F5690AAB6}.Release|x64.ActiveCfg = Release|Any CPU
		{0F731380-184F-4CF0-8A5A-241F5690AAB6}.Release|x64.Build.0 = Release|Any CPU
		{0F731380-184F-4CF0-8A5A-241F5690AAB6}.Release|x86.ActiveCfg = Release|Any CPU
		{0F731380-184F-4CF0-8A5A-241F5690AAB6}.Release|x86.Build.0 = Release|Any CPU
		{9F632200-3834-4315-8C6C-F908024A4C7E}.Debug|Any CPU.ActiveCfg = Debug|Any CPU
		{9F632200-3834-4315-8C6C-F908024A4C7E}.Debug|Any CPU.Build.0 = Debug|Any CPU
		{9F632200-3834-4315-8C6C-F908024A4C7E}.Debug|x64.ActiveCfg = Debug|Any CPU
		{9F632200-3834-4315-8C6C-F908024A4C7E}.Debug|x64.Build.0 = Debug|Any CPU
		{9F632200-3834-4315-8C6C-F908024A4C7E}.Debug|x86.ActiveCfg = Debug|Any CPU
		{9F632200-3834-4315-8C6C-F908024A4C7E}.Debug|x86.Build.0 = Debug|Any CPU
		{9F632200-3834-4315-8C6C-F908024A4C7E}.Release|Any CPU.ActiveCfg = Release|Any CPU
		{9F632200-3834-4315-8C6C-F908024A4C7E}.Release|Any CPU.Build.0 = Release|Any CPU
		{9F632200-3834-4315-8C6C-F908024A4C7E}.Release|x64.ActiveCfg = Release|Any CPU
		{9F632200-3834-4315-8C6C-F908024A4C7E}.Release|x64.Build.0 = Release|Any CPU
		{9F632200-3834-4315-8C6C-F908024A4C7E}.Release|x86.ActiveCfg = Release|Any CPU
		{9F632200-3834-4315-8C6C-F908024A4C7E}.Release|x86.Build.0 = Release|Any CPU
		{1C2D2989-DC48-481E-8AF2-DA980E12A5CE}.Debug|Any CPU.ActiveCfg = Debug|Any CPU
		{1C2D2989-DC48-481E-8AF2-DA980E12A5CE}.Debug|Any CPU.Build.0 = Debug|Any CPU
		{1C2D2989-DC48-481E-8AF2-DA980E12A5CE}.Debug|x64.ActiveCfg = Debug|Any CPU
		{1C2D2989-DC48-481E-8AF2-DA980E12A5CE}.Debug|x64.Build.0 = Debug|Any CPU
		{1C2D2989-DC48-481E-8AF2-DA980E12A5CE}.Debug|x86.ActiveCfg = Debug|Any CPU
		{1C2D2989-DC48-481E-8AF2-DA980E12A5CE}.Debug|x86.Build.0 = Debug|Any CPU
		{1C2D2989-DC48-481E-8AF2-DA980E12A5CE}.Release|Any CPU.ActiveCfg = Release|Any CPU
		{1C2D2989-DC48-481E-8AF2-DA980E12A5CE}.Release|Any CPU.Build.0 = Release|Any CPU
		{1C2D2989-DC48-481E-8AF2-DA980E12A5CE}.Release|x64.ActiveCfg = Release|Any CPU
		{1C2D2989-DC48-481E-8AF2-DA980E12A5CE}.Release|x64.Build.0 = Release|Any CPU
		{1C2D2989-DC48-481E-8AF2-DA980E12A5CE}.Release|x86.ActiveCfg = Release|Any CPU
		{1C2D2989-DC48-481E-8AF2-DA980E12A5CE}.Release|x86.Build.0 = Release|Any CPU
		{CA54A1D1-71D4-4837-A7BF-145F34E4D0EF}.Debug|Any CPU.ActiveCfg = Debug|Any CPU
		{CA54A1D1-71D4-4837-A7BF-145F34E4D0EF}.Debug|Any CPU.Build.0 = Debug|Any CPU
		{CA54A1D1-71D4-4837-A7BF-145F34E4D0EF}.Debug|x64.ActiveCfg = Debug|Any CPU
		{CA54A1D1-71D4-4837-A7BF-145F34E4D0EF}.Debug|x64.Build.0 = Debug|Any CPU
		{CA54A1D1-71D4-4837-A7BF-145F34E4D0EF}.Debug|x86.ActiveCfg = Debug|Any CPU
		{CA54A1D1-71D4-4837-A7BF-145F34E4D0EF}.Debug|x86.Build.0 = Debug|Any CPU
		{CA54A1D1-71D4-4837-A7BF-145F34E4D0EF}.Release|Any CPU.ActiveCfg = Release|Any CPU
		{CA54A1D1-71D4-4837-A7BF-145F34E4D0EF}.Release|Any CPU.Build.0 = Release|Any CPU
		{CA54A1D1-71D4-4837-A7BF-145F34E4D0EF}.Release|x64.ActiveCfg = Release|Any CPU
		{CA54A1D1-71D4-4837-A7BF-145F34E4D0EF}.Release|x64.Build.0 = Release|Any CPU
		{CA54A1D1-71D4-4837-A7BF-145F34E4D0EF}.Release|x86.ActiveCfg = Release|Any CPU
		{CA54A1D1-71D4-4837-A7BF-145F34E4D0EF}.Release|x86.Build.0 = Release|Any CPU
		{F150EA62-9FEC-4B29-9B6A-190F62B1BE73}.Debug|Any CPU.ActiveCfg = Debug|Any CPU
		{F150EA62-9FEC-4B29-9B6A-190F62B1BE73}.Debug|Any CPU.Build.0 = Debug|Any CPU
		{F150EA62-9FEC-4B29-9B6A-190F62B1BE73}.Debug|x64.ActiveCfg = Debug|Any CPU
		{F150EA62-9FEC-4B29-9B6A-190F62B1BE73}.Debug|x64.Build.0 = Debug|Any CPU
		{F150EA62-9FEC-4B29-9B6A-190F62B1BE73}.Debug|x86.ActiveCfg = Debug|Any CPU
		{F150EA62-9FEC-4B29-9B6A-190F62B1BE73}.Debug|x86.Build.0 = Debug|Any CPU
		{F150EA62-9FEC-4B29-9B6A-190F62B1BE73}.Release|Any CPU.ActiveCfg = Release|Any CPU
		{F150EA62-9FEC-4B29-9B6A-190F62B1BE73}.Release|Any CPU.Build.0 = Release|Any CPU
		{F150EA62-9FEC-4B29-9B6A-190F62B1BE73}.Release|x64.ActiveCfg = Release|Any CPU
		{F150EA62-9FEC-4B29-9B6A-190F62B1BE73}.Release|x64.Build.0 = Release|Any CPU
		{F150EA62-9FEC-4B29-9B6A-190F62B1BE73}.Release|x86.ActiveCfg = Release|Any CPU
		{F150EA62-9FEC-4B29-9B6A-190F62B1BE73}.Release|x86.Build.0 = Release|Any CPU
		{48AB9C1D-F4E1-4E51-827E-DE508E9424F2}.Debug|Any CPU.ActiveCfg = Debug|Any CPU
		{48AB9C1D-F4E1-4E51-827E-DE508E9424F2}.Debug|Any CPU.Build.0 = Debug|Any CPU
		{48AB9C1D-F4E1-4E51-827E-DE508E9424F2}.Debug|x64.ActiveCfg = Debug|Any CPU
		{48AB9C1D-F4E1-4E51-827E-DE508E9424F2}.Debug|x64.Build.0 = Debug|Any CPU
		{48AB9C1D-F4E1-4E51-827E-DE508E9424F2}.Debug|x86.ActiveCfg = Debug|Any CPU
		{48AB9C1D-F4E1-4E51-827E-DE508E9424F2}.Debug|x86.Build.0 = Debug|Any CPU
		{48AB9C1D-F4E1-4E51-827E-DE508E9424F2}.Release|Any CPU.ActiveCfg = Release|Any CPU
		{48AB9C1D-F4E1-4E51-827E-DE508E9424F2}.Release|Any CPU.Build.0 = Release|Any CPU
		{48AB9C1D-F4E1-4E51-827E-DE508E9424F2}.Release|x64.ActiveCfg = Release|Any CPU
		{48AB9C1D-F4E1-4E51-827E-DE508E9424F2}.Release|x64.Build.0 = Release|Any CPU
		{48AB9C1D-F4E1-4E51-827E-DE508E9424F2}.Release|x86.ActiveCfg = Release|Any CPU
		{48AB9C1D-F4E1-4E51-827E-DE508E9424F2}.Release|x86.Build.0 = Release|Any CPU
	EndGlobalSection
	GlobalSection(SolutionProperties) = preSolution
		HideSolutionNode = FALSE
	EndGlobalSection
	GlobalSection(NestedProjects) = preSolution
		{3C655E29-EC24-4364-8C90-E603710C0D11} = {40BBC8EA-F1B1-49B7-862D-6C6A142A83B9}
		{40BBC8EA-F1B1-49B7-862D-6C6A142A83B9} = {43FBDDAF-4E0A-4D82-BCB2-002472E7F170}
		{B58DF1D6-5A8E-491E-B631-AE3039B20BAC} = {3C655E29-EC24-4364-8C90-E603710C0D11}
		{84893D36-3697-4F60-891F-8DEE1CDB571D} = {3C655E29-EC24-4364-8C90-E603710C0D11}
		{728811A2-4BFC-4CE8-9133-08F81E850C57} = {3C655E29-EC24-4364-8C90-E603710C0D11}
		{8AB50E75-DD41-49BF-A50E-669FC25220E8} = {43FBDDAF-4E0A-4D82-BCB2-002472E7F170}
		{0F731380-184F-4CF0-8A5A-241F5690AAB6} = {3D12606D-9919-4874-A10C-E37F1CB84CBC}
		{9F632200-3834-4315-8C6C-F908024A4C7E} = {3D12606D-9919-4874-A10C-E37F1CB84CBC}
		{1C2D2989-DC48-481E-8AF2-DA980E12A5CE} = {3D12606D-9919-4874-A10C-E37F1CB84CBC}
		{CA54A1D1-71D4-4837-A7BF-145F34E4D0EF} = {3D12606D-9919-4874-A10C-E37F1CB84CBC}
		{F150EA62-9FEC-4B29-9B6A-190F62B1BE73} = {40BBC8EA-F1B1-49B7-862D-6C6A142A83B9}
		{48AB9C1D-F4E1-4E51-827E-DE508E9424F2} = {40BBC8EA-F1B1-49B7-862D-6C6A142A83B9}
	EndGlobalSection
	GlobalSection(ExtensibilityGlobals) = postSolution
		SolutionGuid = {4BFB89E1-195E-46FB-8AB6-7632542E82D5}
	EndGlobalSection
EndGlobal
