
Microsoft Visual Studio Solution File, Format Version 12.00
# Visual Studio 15
VisualStudioVersion = 15.0.28307.489
MinimumVisualStudioVersion = 15.0.26124.0
Project("{2150E333-8FDC-42A3-9474-1A3956D46DE8}") = "src", "src", "{3D12606D-9919-4874-A10C-E37F1CB84CBC}"
EndProject
Project("{2150E333-8FDC-42A3-9474-1A3956D46DE8}") = "tests", "tests", "{43FBDDAF-4E0A-4D82-BCB2-002472E7F170}"
EndProject
Project("{6EC3EE1D-3C4E-46DD-8F32-0CC8E7565705}") = "FcsWatch.Tests", "tests\FcsWatch.Tests\FcsWatch.Tests.fsproj", "{14A80081-D97A-405D-9A49-C686ABF00842}"
EndProject
Project("{6EC3EE1D-3C4E-46DD-8F32-0CC8E7565705}") = "fcswatch-cli", "src\fcswatch-cli\fcswatch-cli.fsproj", "{BB0051D2-8692-449E-B20F-6DBD605C7553}"
EndProject
Project("{6EC3EE1D-3C4E-46DD-8F32-0CC8E7565705}") = "FcsWatch.Binary", "src\FcsWatch.Binary\FcsWatch.Binary.fsproj", "{1661E77C-1DD4-4920-9345-C86D04B37DD6}"
EndProject
Project("{6EC3EE1D-3C4E-46DD-8F32-0CC8E7565705}") = "FcsWatch.Core", "src\FcsWatch.Core\FcsWatch.Core.fsproj", "{70B2741D-D9AC-47B2-9D0C-78478562C6D5}"
EndProject
Project("{6EC3EE1D-3C4E-46DD-8F32-0CC8E7565705}") = "FsLive.Porta.Cli.Tests", "tests\FsLive.Porta.Cli.Tests\FsLive.Porta.Cli.Tests.fsproj", "{A9F69171-7544-4029-A2EA-4E6FF49D2E1C}"
EndProject
Project("{6EC3EE1D-3C4E-46DD-8F32-0CC8E7565705}") = "FcsWatch.Porta", "src\FcsWatch.Porta\FcsWatch.Porta.fsproj", "{0DDF9662-A5E5-41B2-ADF2-D38447312611}"
EndProject
Project("{6EC3EE1D-3C4E-46DD-8F32-0CC8E7565705}") = "FcsWatch.Porta.Interpreter", "src\FcsWatch.Porta.Interpreter\FcsWatch.Porta.Interpreter.fsproj", "{EC522CB8-5E90-4F4E-9059-62DAB763A544}"
EndProject
Project("{6EC3EE1D-3C4E-46DD-8F32-0CC8E7565705}") = "fslive-cli", "src\fslive-cli\fslive-cli.fsproj", "{47CDCE8F-BF6F-4FFB-8606-FC7835C68350}"
EndProject
Global
	GlobalSection(SolutionConfigurationPlatforms) = preSolution
		Debug|Any CPU = Debug|Any CPU
		Debug|x64 = Debug|x64
		Debug|x86 = Debug|x86
		Release|Any CPU = Release|Any CPU
		Release|x64 = Release|x64
		Release|x86 = Release|x86
	EndGlobalSection
	GlobalSection(ProjectConfigurationPlatforms) = postSolution
		{14A80081-D97A-405D-9A49-C686ABF00842}.Debug|Any CPU.ActiveCfg = Debug|Any CPU
		{14A80081-D97A-405D-9A49-C686ABF00842}.Debug|Any CPU.Build.0 = Debug|Any CPU
		{14A80081-D97A-405D-9A49-C686ABF00842}.Debug|x64.ActiveCfg = Debug|Any CPU
		{14A80081-D97A-405D-9A49-C686ABF00842}.Debug|x64.Build.0 = Debug|Any CPU
		{14A80081-D97A-405D-9A49-C686ABF00842}.Debug|x86.ActiveCfg = Debug|Any CPU
		{14A80081-D97A-405D-9A49-C686ABF00842}.Debug|x86.Build.0 = Debug|Any CPU
		{14A80081-D97A-405D-9A49-C686ABF00842}.Release|Any CPU.ActiveCfg = Release|Any CPU
		{14A80081-D97A-405D-9A49-C686ABF00842}.Release|Any CPU.Build.0 = Release|Any CPU
		{14A80081-D97A-405D-9A49-C686ABF00842}.Release|x64.ActiveCfg = Release|Any CPU
		{14A80081-D97A-405D-9A49-C686ABF00842}.Release|x64.Build.0 = Release|Any CPU
		{14A80081-D97A-405D-9A49-C686ABF00842}.Release|x86.ActiveCfg = Release|Any CPU
		{14A80081-D97A-405D-9A49-C686ABF00842}.Release|x86.Build.0 = Release|Any CPU
		{BB0051D2-8692-449E-B20F-6DBD605C7553}.Debug|Any CPU.ActiveCfg = Debug|Any CPU
		{BB0051D2-8692-449E-B20F-6DBD605C7553}.Debug|Any CPU.Build.0 = Debug|Any CPU
		{BB0051D2-8692-449E-B20F-6DBD605C7553}.Debug|x64.ActiveCfg = Debug|Any CPU
		{BB0051D2-8692-449E-B20F-6DBD605C7553}.Debug|x64.Build.0 = Debug|Any CPU
		{BB0051D2-8692-449E-B20F-6DBD605C7553}.Debug|x86.ActiveCfg = Debug|Any CPU
		{BB0051D2-8692-449E-B20F-6DBD605C7553}.Debug|x86.Build.0 = Debug|Any CPU
		{BB0051D2-8692-449E-B20F-6DBD605C7553}.Release|Any CPU.ActiveCfg = Release|Any CPU
		{BB0051D2-8692-449E-B20F-6DBD605C7553}.Release|Any CPU.Build.0 = Release|Any CPU
		{BB0051D2-8692-449E-B20F-6DBD605C7553}.Release|x64.ActiveCfg = Release|Any CPU
		{BB0051D2-8692-449E-B20F-6DBD605C7553}.Release|x64.Build.0 = Release|Any CPU
		{BB0051D2-8692-449E-B20F-6DBD605C7553}.Release|x86.ActiveCfg = Release|Any CPU
		{BB0051D2-8692-449E-B20F-6DBD605C7553}.Release|x86.Build.0 = Release|Any CPU
		{1661E77C-1DD4-4920-9345-C86D04B37DD6}.Debug|Any CPU.ActiveCfg = Debug|Any CPU
		{1661E77C-1DD4-4920-9345-C86D04B37DD6}.Debug|Any CPU.Build.0 = Debug|Any CPU
		{1661E77C-1DD4-4920-9345-C86D04B37DD6}.Debug|x64.ActiveCfg = Debug|Any CPU
		{1661E77C-1DD4-4920-9345-C86D04B37DD6}.Debug|x64.Build.0 = Debug|Any CPU
		{1661E77C-1DD4-4920-9345-C86D04B37DD6}.Debug|x86.ActiveCfg = Debug|Any CPU
		{1661E77C-1DD4-4920-9345-C86D04B37DD6}.Debug|x86.Build.0 = Debug|Any CPU
		{1661E77C-1DD4-4920-9345-C86D04B37DD6}.Release|Any CPU.ActiveCfg = Release|Any CPU
		{1661E77C-1DD4-4920-9345-C86D04B37DD6}.Release|Any CPU.Build.0 = Release|Any CPU
		{1661E77C-1DD4-4920-9345-C86D04B37DD6}.Release|x64.ActiveCfg = Release|Any CPU
		{1661E77C-1DD4-4920-9345-C86D04B37DD6}.Release|x64.Build.0 = Release|Any CPU
		{1661E77C-1DD4-4920-9345-C86D04B37DD6}.Release|x86.ActiveCfg = Release|Any CPU
		{1661E77C-1DD4-4920-9345-C86D04B37DD6}.Release|x86.Build.0 = Release|Any CPU
		{70B2741D-D9AC-47B2-9D0C-78478562C6D5}.Debug|Any CPU.ActiveCfg = Debug|Any CPU
		{70B2741D-D9AC-47B2-9D0C-78478562C6D5}.Debug|Any CPU.Build.0 = Debug|Any CPU
		{70B2741D-D9AC-47B2-9D0C-78478562C6D5}.Debug|x64.ActiveCfg = Debug|Any CPU
		{70B2741D-D9AC-47B2-9D0C-78478562C6D5}.Debug|x64.Build.0 = Debug|Any CPU
		{70B2741D-D9AC-47B2-9D0C-78478562C6D5}.Debug|x86.ActiveCfg = Debug|Any CPU
		{70B2741D-D9AC-47B2-9D0C-78478562C6D5}.Debug|x86.Build.0 = Debug|Any CPU
		{70B2741D-D9AC-47B2-9D0C-78478562C6D5}.Release|Any CPU.ActiveCfg = Release|Any CPU
		{70B2741D-D9AC-47B2-9D0C-78478562C6D5}.Release|Any CPU.Build.0 = Release|Any CPU
		{70B2741D-D9AC-47B2-9D0C-78478562C6D5}.Release|x64.ActiveCfg = Release|Any CPU
		{70B2741D-D9AC-47B2-9D0C-78478562C6D5}.Release|x64.Build.0 = Release|Any CPU
		{70B2741D-D9AC-47B2-9D0C-78478562C6D5}.Release|x86.ActiveCfg = Release|Any CPU
		{70B2741D-D9AC-47B2-9D0C-78478562C6D5}.Release|x86.Build.0 = Release|Any CPU
		{A9F69171-7544-4029-A2EA-4E6FF49D2E1C}.Debug|Any CPU.ActiveCfg = Debug|Any CPU
		{A9F69171-7544-4029-A2EA-4E6FF49D2E1C}.Debug|Any CPU.Build.0 = Debug|Any CPU
		{A9F69171-7544-4029-A2EA-4E6FF49D2E1C}.Debug|x64.ActiveCfg = Debug|Any CPU
		{A9F69171-7544-4029-A2EA-4E6FF49D2E1C}.Debug|x64.Build.0 = Debug|Any CPU
		{A9F69171-7544-4029-A2EA-4E6FF49D2E1C}.Debug|x86.ActiveCfg = Debug|Any CPU
		{A9F69171-7544-4029-A2EA-4E6FF49D2E1C}.Debug|x86.Build.0 = Debug|Any CPU
		{A9F69171-7544-4029-A2EA-4E6FF49D2E1C}.Release|Any CPU.ActiveCfg = Release|Any CPU
		{A9F69171-7544-4029-A2EA-4E6FF49D2E1C}.Release|Any CPU.Build.0 = Release|Any CPU
		{A9F69171-7544-4029-A2EA-4E6FF49D2E1C}.Release|x64.ActiveCfg = Release|Any CPU
		{A9F69171-7544-4029-A2EA-4E6FF49D2E1C}.Release|x64.Build.0 = Release|Any CPU
		{A9F69171-7544-4029-A2EA-4E6FF49D2E1C}.Release|x86.ActiveCfg = Release|Any CPU
		{A9F69171-7544-4029-A2EA-4E6FF49D2E1C}.Release|x86.Build.0 = Release|Any CPU
		{0DDF9662-A5E5-41B2-ADF2-D38447312611}.Debug|Any CPU.ActiveCfg = Debug|Any CPU
		{0DDF9662-A5E5-41B2-ADF2-D38447312611}.Debug|Any CPU.Build.0 = Debug|Any CPU
		{0DDF9662-A5E5-41B2-ADF2-D38447312611}.Debug|x64.ActiveCfg = Debug|Any CPU
		{0DDF9662-A5E5-41B2-ADF2-D38447312611}.Debug|x64.Build.0 = Debug|Any CPU
		{0DDF9662-A5E5-41B2-ADF2-D38447312611}.Debug|x86.ActiveCfg = Debug|Any CPU
		{0DDF9662-A5E5-41B2-ADF2-D38447312611}.Debug|x86.Build.0 = Debug|Any CPU
		{0DDF9662-A5E5-41B2-ADF2-D38447312611}.Release|Any CPU.ActiveCfg = Release|Any CPU
		{0DDF9662-A5E5-41B2-ADF2-D38447312611}.Release|Any CPU.Build.0 = Release|Any CPU
		{0DDF9662-A5E5-41B2-ADF2-D38447312611}.Release|x64.ActiveCfg = Release|Any CPU
		{0DDF9662-A5E5-41B2-ADF2-D38447312611}.Release|x64.Build.0 = Release|Any CPU
		{0DDF9662-A5E5-41B2-ADF2-D38447312611}.Release|x86.ActiveCfg = Release|Any CPU
		{0DDF9662-A5E5-41B2-ADF2-D38447312611}.Release|x86.Build.0 = Release|Any CPU
		{EC522CB8-5E90-4F4E-9059-62DAB763A544}.Debug|Any CPU.ActiveCfg = Debug|Any CPU
		{EC522CB8-5E90-4F4E-9059-62DAB763A544}.Debug|Any CPU.Build.0 = Debug|Any CPU
		{EC522CB8-5E90-4F4E-9059-62DAB763A544}.Debug|x64.ActiveCfg = Debug|Any CPU
		{EC522CB8-5E90-4F4E-9059-62DAB763A544}.Debug|x64.Build.0 = Debug|Any CPU
		{EC522CB8-5E90-4F4E-9059-62DAB763A544}.Debug|x86.ActiveCfg = Debug|Any CPU
		{EC522CB8-5E90-4F4E-9059-62DAB763A544}.Debug|x86.Build.0 = Debug|Any CPU
		{EC522CB8-5E90-4F4E-9059-62DAB763A544}.Release|Any CPU.ActiveCfg = Release|Any CPU
		{EC522CB8-5E90-4F4E-9059-62DAB763A544}.Release|Any CPU.Build.0 = Release|Any CPU
		{EC522CB8-5E90-4F4E-9059-62DAB763A544}.Release|x64.ActiveCfg = Release|Any CPU
		{EC522CB8-5E90-4F4E-9059-62DAB763A544}.Release|x64.Build.0 = Release|Any CPU
		{EC522CB8-5E90-4F4E-9059-62DAB763A544}.Release|x86.ActiveCfg = Release|Any CPU
		{EC522CB8-5E90-4F4E-9059-62DAB763A544}.Release|x86.Build.0 = Release|Any CPU
		{47CDCE8F-BF6F-4FFB-8606-FC7835C68350}.Debug|Any CPU.ActiveCfg = Debug|Any CPU
		{47CDCE8F-BF6F-4FFB-8606-FC7835C68350}.Debug|Any CPU.Build.0 = Debug|Any CPU
		{47CDCE8F-BF6F-4FFB-8606-FC7835C68350}.Debug|x64.ActiveCfg = Debug|Any CPU
		{47CDCE8F-BF6F-4FFB-8606-FC7835C68350}.Debug|x64.Build.0 = Debug|Any CPU
		{47CDCE8F-BF6F-4FFB-8606-FC7835C68350}.Debug|x86.ActiveCfg = Debug|Any CPU
		{47CDCE8F-BF6F-4FFB-8606-FC7835C68350}.Debug|x86.Build.0 = Debug|Any CPU
		{47CDCE8F-BF6F-4FFB-8606-FC7835C68350}.Release|Any CPU.ActiveCfg = Release|Any CPU
		{47CDCE8F-BF6F-4FFB-8606-FC7835C68350}.Release|Any CPU.Build.0 = Release|Any CPU
		{47CDCE8F-BF6F-4FFB-8606-FC7835C68350}.Release|x64.ActiveCfg = Release|Any CPU
		{47CDCE8F-BF6F-4FFB-8606-FC7835C68350}.Release|x64.Build.0 = Release|Any CPU
		{47CDCE8F-BF6F-4FFB-8606-FC7835C68350}.Release|x86.ActiveCfg = Release|Any CPU
		{47CDCE8F-BF6F-4FFB-8606-FC7835C68350}.Release|x86.Build.0 = Release|Any CPU
	EndGlobalSection
	GlobalSection(SolutionProperties) = preSolution
		HideSolutionNode = FALSE
	EndGlobalSection
	GlobalSection(NestedProjects) = preSolution
		{14A80081-D97A-405D-9A49-C686ABF00842} = {43FBDDAF-4E0A-4D82-BCB2-002472E7F170}
		{BB0051D2-8692-449E-B20F-6DBD605C7553} = {3D12606D-9919-4874-A10C-E37F1CB84CBC}
		{1661E77C-1DD4-4920-9345-C86D04B37DD6} = {3D12606D-9919-4874-A10C-E37F1CB84CBC}
		{70B2741D-D9AC-47B2-9D0C-78478562C6D5} = {3D12606D-9919-4874-A10C-E37F1CB84CBC}
		{A9F69171-7544-4029-A2EA-4E6FF49D2E1C} = {43FBDDAF-4E0A-4D82-BCB2-002472E7F170}
		{0DDF9662-A5E5-41B2-ADF2-D38447312611} = {3D12606D-9919-4874-A10C-E37F1CB84CBC}
		{EC522CB8-5E90-4F4E-9059-62DAB763A544} = {3D12606D-9919-4874-A10C-E37F1CB84CBC}
		{47CDCE8F-BF6F-4FFB-8606-FC7835C68350} = {3D12606D-9919-4874-A10C-E37F1CB84CBC}
	EndGlobalSection
	GlobalSection(ExtensibilityGlobals) = postSolution
		SolutionGuid = {4BFB89E1-195E-46FB-8AB6-7632542E82D5}
	EndGlobalSection
EndGlobal
