
Microsoft Visual Studio Solution File, Format Version 12.00
# Visual Studio Version 17
VisualStudioVersion = 17.6.33829.357
MinimumVisualStudioVersion = 15.0.26124.0
Project("{2150E333-8FDC-42A3-9474-1A3956D46DE8}") = "src", "src", "{3D12606D-9919-4874-A10C-E37F1CB84CBC}"
	ProjectSection(SolutionItems) = preProject
		src\FcsWatch.Core\Compiler.fs = src\FcsWatch.Core\Compiler.fs
	EndProjectSection
EndProject
Project("{2150E333-8FDC-42A3-9474-1A3956D46DE8}") = "tests", "tests", "{43FBDDAF-4E0A-4D82-BCB2-002472E7F170}"
EndProject
Project("{6EC3EE1D-3C4E-46DD-8F32-0CC8E7565705}") = "FcsWatch.Tests", "tests\FcsWatch.Tests\FcsWatch.Tests.fsproj", "{14A80081-D97A-405D-9A49-C686ABF00842}"
EndProject
Project("{2150E333-8FDC-42A3-9474-1A3956D46DE8}") = "datas", "datas", "{3C655E29-EC24-4364-8C90-E603710C0D11}"
EndProject
Project("{6EC3EE1D-3C4E-46DD-8F32-0CC8E7565705}") = "TestLib1", "tests\datas\TestLib1\TestLib1.fsproj", "{D66BFA39-DFC6-4181-8DD6-0C278374ED63}"
EndProject
Project("{6EC3EE1D-3C4E-46DD-8F32-0CC8E7565705}") = "TestLib2", "tests\datas\TestLib2\TestLib2.fsproj", "{F1165EB2-BEF9-4141-9AE8-0BFE35579C0E}"
EndProject
Project("{6EC3EE1D-3C4E-46DD-8F32-0CC8E7565705}") = "TestProject", "tests\datas\TestProject\TestProject.fsproj", "{D5D83B14-61B9-40FD-83BF-13C1481522C3}"
EndProject
Project("{6EC3EE1D-3C4E-46DD-8F32-0CC8E7565705}") = "FcsWatch.InteractionTests", "tests\FcsWatch.InteractionTests\FcsWatch.InteractionTests.fsproj", "{9ADE0C58-CF27-4F58-9EF0-F2DF59594105}"
EndProject
Project("{6EC3EE1D-3C4E-46DD-8F32-0CC8E7565705}") = "fcswatch-cli", "src\fcswatch-cli\fcswatch-cli.fsproj", "{BB0051D2-8692-449E-B20F-6DBD605C7553}"
EndProject
Project("{6EC3EE1D-3C4E-46DD-8F32-0CC8E7565705}") = "FcsWatch.Binary", "src\FcsWatch.Binary\FcsWatch.Binary.fsproj", "{1661E77C-1DD4-4920-9345-C86D04B37DD6}"
EndProject
Project("{6EC3EE1D-3C4E-46DD-8F32-0CC8E7565705}") = "FcsWatch.Core", "src\FcsWatch.Core\FcsWatch.Core.fsproj", "{70B2741D-D9AC-47B2-9D0C-78478562C6D5}"
EndProject
Project("{6EC3EE1D-3C4E-46DD-8F32-0CC8E7565705}") = "FcsWatch.Porta", "src\FcsWatch.Porta\FcsWatch.Porta.fsproj", "{C26F5448-6366-4C78-8E70-A250D5F1C5F1}"
EndProject
Project("{6EC3EE1D-3C4E-46DD-8F32-0CC8E7565705}") = "FsLive.Porta.Cli.Tests", "tests\FsLive.Porta.Cli.Tests\FsLive.Porta.Cli.Tests.fsproj", "{A9F69171-7544-4029-A2EA-4E6FF49D2E1C}"
EndProject
Project("{6EC3EE1D-3C4E-46DD-8F32-0CC8E7565705}") = "fslive-cli", "src\fslive-cli\fslive-cli.fsproj", "{6D9717E8-B721-4D30-B2B7-F0267C85AD4A}"
EndProject
Project("{6EC3EE1D-3C4E-46DD-8F32-0CC8E7565705}") = "FcsWatch.Porta.Interpreter", "src\FcsWatch.Porta.Interpreter\FcsWatch.Porta.Interpreter.fsproj", "{2293B396-5FB6-4BDD-9F68-18CAB7209E58}"
EndProject
Project("{9A19103F-16F7-4668-BE54-9A1E7A4F7556}") = "FcsWatch.Binary.Helpers", "src\FcsWatch.Binary.Helpers\FcsWatch.Binary.Helpers.csproj", "{D3ACBC2F-7BF6-4032-8359-838F5DA4818D}"
EndProject
Project("{F2A71F9B-5D33-465A-A702-920D77279786}") = "FCSWatch.Core.Types", "src\FCSWatch.Core.Types\FCSWatch.Core.Types.fsproj", "{D4024E06-CDEF-481F-A516-88D81DA066A3}"
EndProject
Global
	GlobalSection(SolutionConfigurationPlatforms) = preSolution
		Debug|Any CPU = Debug|Any CPU
		Debug|x64 = Debug|x64
		Debug|x86 = Debug|x86
		Release|Any CPU = Release|Any CPU
		Release|x64 = Release|x64
		Release|x86 = Release|x86
	EndGlobalSection
	GlobalSection(ProjectConfigurationPlatforms) = postSolution
		{14A80081-D97A-405D-9A49-C686ABF00842}.Debug|Any CPU.ActiveCfg = Debug|Any CPU
		{14A80081-D97A-405D-9A49-C686ABF00842}.Debug|Any CPU.Build.0 = Debug|Any CPU
		{14A80081-D97A-405D-9A49-C686ABF00842}.Debug|x64.ActiveCfg = Debug|Any CPU
		{14A80081-D97A-405D-9A49-C686ABF00842}.Debug|x64.Build.0 = Debug|Any CPU
		{14A80081-D97A-405D-9A49-C686ABF00842}.Debug|x86.ActiveCfg = Debug|Any CPU
		{14A80081-D97A-405D-9A49-C686ABF00842}.Debug|x86.Build.0 = Debug|Any CPU
		{14A80081-D97A-405D-9A49-C686ABF00842}.Release|Any CPU.ActiveCfg = Release|Any CPU
		{14A80081-D97A-405D-9A49-C686ABF00842}.Release|Any CPU.Build.0 = Release|Any CPU
		{14A80081-D97A-405D-9A49-C686ABF00842}.Release|x64.ActiveCfg = Release|Any CPU
		{14A80081-D97A-405D-9A49-C686ABF00842}.Release|x64.Build.0 = Release|Any CPU
		{14A80081-D97A-405D-9A49-C686ABF00842}.Release|x86.ActiveCfg = Release|Any CPU
		{14A80081-D97A-405D-9A49-C686ABF00842}.Release|x86.Build.0 = Release|Any CPU
		{D66BFA39-DFC6-4181-8DD6-0C278374ED63}.Debug|Any CPU.ActiveCfg = Debug|Any CPU
		{D66BFA39-DFC6-4181-8DD6-0C278374ED63}.Debug|Any CPU.Build.0 = Debug|Any CPU
		{D66BFA39-DFC6-4181-8DD6-0C278374ED63}.Debug|x64.ActiveCfg = Debug|Any CPU
		{D66BFA39-DFC6-4181-8DD6-0C278374ED63}.Debug|x64.Build.0 = Debug|Any CPU
		{D66BFA39-DFC6-4181-8DD6-0C278374ED63}.Debug|x86.ActiveCfg = Debug|Any CPU
		{D66BFA39-DFC6-4181-8DD6-0C278374ED63}.Debug|x86.Build.0 = Debug|Any CPU
		{D66BFA39-DFC6-4181-8DD6-0C278374ED63}.Release|Any CPU.ActiveCfg = Release|Any CPU
		{D66BFA39-DFC6-4181-8DD6-0C278374ED63}.Release|Any CPU.Build.0 = Release|Any CPU
		{D66BFA39-DFC6-4181-8DD6-0C278374ED63}.Release|x64.ActiveCfg = Release|Any CPU
		{D66BFA39-DFC6-4181-8DD6-0C278374ED63}.Release|x64.Build.0 = Release|Any CPU
		{D66BFA39-DFC6-4181-8DD6-0C278374ED63}.Release|x86.ActiveCfg = Release|Any CPU
		{D66BFA39-DFC6-4181-8DD6-0C278374ED63}.Release|x86.Build.0 = Release|Any CPU
		{F1165EB2-BEF9-4141-9AE8-0BFE35579C0E}.Debug|Any CPU.ActiveCfg = Debug|Any CPU
		{F1165EB2-BEF9-4141-9AE8-0BFE35579C0E}.Debug|Any CPU.Build.0 = Debug|Any CPU
		{F1165EB2-BEF9-4141-9AE8-0BFE35579C0E}.Debug|x64.ActiveCfg = Debug|Any CPU
		{F1165EB2-BEF9-4141-9AE8-0BFE35579C0E}.Debug|x64.Build.0 = Debug|Any CPU
		{F1165EB2-BEF9-4141-9AE8-0BFE35579C0E}.Debug|x86.ActiveCfg = Debug|Any CPU
		{F1165EB2-BEF9-4141-9AE8-0BFE35579C0E}.Debug|x86.Build.0 = Debug|Any CPU
		{F1165EB2-BEF9-4141-9AE8-0BFE35579C0E}.Release|Any CPU.ActiveCfg = Release|Any CPU
		{F1165EB2-BEF9-4141-9AE8-0BFE35579C0E}.Release|Any CPU.Build.0 = Release|Any CPU
		{F1165EB2-BEF9-4141-9AE8-0BFE35579C0E}.Release|x64.ActiveCfg = Release|Any CPU
		{F1165EB2-BEF9-4141-9AE8-0BFE35579C0E}.Release|x64.Build.0 = Release|Any CPU
		{F1165EB2-BEF9-4141-9AE8-0BFE35579C0E}.Release|x86.ActiveCfg = Release|Any CPU
		{F1165EB2-BEF9-4141-9AE8-0BFE35579C0E}.Release|x86.Build.0 = Release|Any CPU
		{D5D83B14-61B9-40FD-83BF-13C1481522C3}.Debug|Any CPU.ActiveCfg = Debug|Any CPU
		{D5D83B14-61B9-40FD-83BF-13C1481522C3}.Debug|Any CPU.Build.0 = Debug|Any CPU
		{D5D83B14-61B9-40FD-83BF-13C1481522C3}.Debug|x64.ActiveCfg = Debug|Any CPU
		{D5D83B14-61B9-40FD-83BF-13C1481522C3}.Debug|x64.Build.0 = Debug|Any CPU
		{D5D83B14-61B9-40FD-83BF-13C1481522C3}.Debug|x86.ActiveCfg = Debug|Any CPU
		{D5D83B14-61B9-40FD-83BF-13C1481522C3}.Debug|x86.Build.0 = Debug|Any CPU
		{D5D83B14-61B9-40FD-83BF-13C1481522C3}.Release|Any CPU.ActiveCfg = Release|Any CPU
		{D5D83B14-61B9-40FD-83BF-13C1481522C3}.Release|Any CPU.Build.0 = Release|Any CPU
		{D5D83B14-61B9-40FD-83BF-13C1481522C3}.Release|x64.ActiveCfg = Release|Any CPU
		{D5D83B14-61B9-40FD-83BF-13C1481522C3}.Release|x64.Build.0 = Release|Any CPU
		{D5D83B14-61B9-40FD-83BF-13C1481522C3}.Release|x86.ActiveCfg = Release|Any CPU
		{D5D83B14-61B9-40FD-83BF-13C1481522C3}.Release|x86.Build.0 = Release|Any CPU
		{9ADE0C58-CF27-4F58-9EF0-F2DF59594105}.Debug|Any CPU.ActiveCfg = Debug|Any CPU
		{9ADE0C58-CF27-4F58-9EF0-F2DF59594105}.Debug|Any CPU.Build.0 = Debug|Any CPU
		{9ADE0C58-CF27-4F58-9EF0-F2DF59594105}.Debug|x64.ActiveCfg = Debug|Any CPU
		{9ADE0C58-CF27-4F58-9EF0-F2DF59594105}.Debug|x64.Build.0 = Debug|Any CPU
		{9ADE0C58-CF27-4F58-9EF0-F2DF59594105}.Debug|x86.ActiveCfg = Debug|Any CPU
		{9ADE0C58-CF27-4F58-9EF0-F2DF59594105}.Debug|x86.Build.0 = Debug|Any CPU
		{9ADE0C58-CF27-4F58-9EF0-F2DF59594105}.Release|Any CPU.ActiveCfg = Release|Any CPU
		{9ADE0C58-CF27-4F58-9EF0-F2DF59594105}.Release|Any CPU.Build.0 = Release|Any CPU
		{9ADE0C58-CF27-4F58-9EF0-F2DF59594105}.Release|x64.ActiveCfg = Release|Any CPU
		{9ADE0C58-CF27-4F58-9EF0-F2DF59594105}.Release|x64.Build.0 = Release|Any CPU
		{9ADE0C58-CF27-4F58-9EF0-F2DF59594105}.Release|x86.ActiveCfg = Release|Any CPU
		{9ADE0C58-CF27-4F58-9EF0-F2DF59594105}.Release|x86.Build.0 = Release|Any CPU
		{BB0051D2-8692-449E-B20F-6DBD605C7553}.Debug|Any CPU.ActiveCfg = Debug|Any CPU
		{BB0051D2-8692-449E-B20F-6DBD605C7553}.Debug|Any CPU.Build.0 = Debug|Any CPU
		{BB0051D2-8692-449E-B20F-6DBD605C7553}.Debug|x64.ActiveCfg = Debug|Any CPU
		{BB0051D2-8692-449E-B20F-6DBD605C7553}.Debug|x64.Build.0 = Debug|Any CPU
		{BB0051D2-8692-449E-B20F-6DBD605C7553}.Debug|x86.ActiveCfg = Debug|Any CPU
		{BB0051D2-8692-449E-B20F-6DBD605C7553}.Debug|x86.Build.0 = Debug|Any CPU
		{BB0051D2-8692-449E-B20F-6DBD605C7553}.Release|Any CPU.ActiveCfg = Release|Any CPU
		{BB0051D2-8692-449E-B20F-6DBD605C7553}.Release|Any CPU.Build.0 = Release|Any CPU
		{BB0051D2-8692-449E-B20F-6DBD605C7553}.Release|x64.ActiveCfg = Release|Any CPU
		{BB0051D2-8692-449E-B20F-6DBD605C7553}.Release|x64.Build.0 = Release|Any CPU
		{BB0051D2-8692-449E-B20F-6DBD605C7553}.Release|x86.ActiveCfg = Release|Any CPU
		{BB0051D2-8692-449E-B20F-6DBD605C7553}.Release|x86.Build.0 = Release|Any CPU
		{1661E77C-1DD4-4920-9345-C86D04B37DD6}.Debug|Any CPU.ActiveCfg = Debug|Any CPU
		{1661E77C-1DD4-4920-9345-C86D04B37DD6}.Debug|Any CPU.Build.0 = Debug|Any CPU
		{1661E77C-1DD4-4920-9345-C86D04B37DD6}.Debug|x64.ActiveCfg = Debug|Any CPU
		{1661E77C-1DD4-4920-9345-C86D04B37DD6}.Debug|x64.Build.0 = Debug|Any CPU
		{1661E77C-1DD4-4920-9345-C86D04B37DD6}.Debug|x86.ActiveCfg = Debug|Any CPU
		{1661E77C-1DD4-4920-9345-C86D04B37DD6}.Debug|x86.Build.0 = Debug|Any CPU
		{1661E77C-1DD4-4920-9345-C86D04B37DD6}.Release|Any CPU.ActiveCfg = Release|Any CPU
		{1661E77C-1DD4-4920-9345-C86D04B37DD6}.Release|Any CPU.Build.0 = Release|Any CPU
		{1661E77C-1DD4-4920-9345-C86D04B37DD6}.Release|x64.ActiveCfg = Release|Any CPU
		{1661E77C-1DD4-4920-9345-C86D04B37DD6}.Release|x64.Build.0 = Release|Any CPU
		{1661E77C-1DD4-4920-9345-C86D04B37DD6}.Release|x86.ActiveCfg = Release|Any CPU
		{1661E77C-1DD4-4920-9345-C86D04B37DD6}.Release|x86.Build.0 = Release|Any CPU
		{70B2741D-D9AC-47B2-9D0C-78478562C6D5}.Debug|Any CPU.ActiveCfg = Debug|Any CPU
		{70B2741D-D9AC-47B2-9D0C-78478562C6D5}.Debug|Any CPU.Build.0 = Debug|Any CPU
		{70B2741D-D9AC-47B2-9D0C-78478562C6D5}.Debug|x64.ActiveCfg = Debug|Any CPU
		{70B2741D-D9AC-47B2-9D0C-78478562C6D5}.Debug|x64.Build.0 = Debug|Any CPU
		{70B2741D-D9AC-47B2-9D0C-78478562C6D5}.Debug|x86.ActiveCfg = Debug|Any CPU
		{70B2741D-D9AC-47B2-9D0C-78478562C6D5}.Debug|x86.Build.0 = Debug|Any CPU
		{70B2741D-D9AC-47B2-9D0C-78478562C6D5}.Release|Any CPU.ActiveCfg = Release|Any CPU
		{70B2741D-D9AC-47B2-9D0C-78478562C6D5}.Release|Any CPU.Build.0 = Release|Any CPU
		{70B2741D-D9AC-47B2-9D0C-78478562C6D5}.Release|x64.ActiveCfg = Release|Any CPU
		{70B2741D-D9AC-47B2-9D0C-78478562C6D5}.Release|x64.Build.0 = Release|Any CPU
		{70B2741D-D9AC-47B2-9D0C-78478562C6D5}.Release|x86.ActiveCfg = Release|Any CPU
		{70B2741D-D9AC-47B2-9D0C-78478562C6D5}.Release|x86.Build.0 = Release|Any CPU
		{C26F5448-6366-4C78-8E70-A250D5F1C5F1}.Debug|Any CPU.ActiveCfg = Debug|Any CPU
		{C26F5448-6366-4C78-8E70-A250D5F1C5F1}.Debug|Any CPU.Build.0 = Debug|Any CPU
		{C26F5448-6366-4C78-8E70-A250D5F1C5F1}.Debug|x64.ActiveCfg = Debug|Any CPU
		{C26F5448-6366-4C78-8E70-A250D5F1C5F1}.Debug|x64.Build.0 = Debug|Any CPU
		{C26F5448-6366-4C78-8E70-A250D5F1C5F1}.Debug|x86.ActiveCfg = Debug|Any CPU
		{C26F5448-6366-4C78-8E70-A250D5F1C5F1}.Debug|x86.Build.0 = Debug|Any CPU
		{C26F5448-6366-4C78-8E70-A250D5F1C5F1}.Release|Any CPU.ActiveCfg = Release|Any CPU
		{C26F5448-6366-4C78-8E70-A250D5F1C5F1}.Release|Any CPU.Build.0 = Release|Any CPU
		{C26F5448-6366-4C78-8E70-A250D5F1C5F1}.Release|x64.ActiveCfg = Release|Any CPU
		{C26F5448-6366-4C78-8E70-A250D5F1C5F1}.Release|x64.Build.0 = Release|Any CPU
		{C26F5448-6366-4C78-8E70-A250D5F1C5F1}.Release|x86.ActiveCfg = Release|Any CPU
		{C26F5448-6366-4C78-8E70-A250D5F1C5F1}.Release|x86.Build.0 = Release|Any CPU
		{A9F69171-7544-4029-A2EA-4E6FF49D2E1C}.Debug|Any CPU.ActiveCfg = Debug|Any CPU
		{A9F69171-7544-4029-A2EA-4E6FF49D2E1C}.Debug|Any CPU.Build.0 = Debug|Any CPU
		{A9F69171-7544-4029-A2EA-4E6FF49D2E1C}.Debug|x64.ActiveCfg = Debug|Any CPU
		{A9F69171-7544-4029-A2EA-4E6FF49D2E1C}.Debug|x64.Build.0 = Debug|Any CPU
		{A9F69171-7544-4029-A2EA-4E6FF49D2E1C}.Debug|x86.ActiveCfg = Debug|Any CPU
		{A9F69171-7544-4029-A2EA-4E6FF49D2E1C}.Debug|x86.Build.0 = Debug|Any CPU
		{A9F69171-7544-4029-A2EA-4E6FF49D2E1C}.Release|Any CPU.ActiveCfg = Release|Any CPU
		{A9F69171-7544-4029-A2EA-4E6FF49D2E1C}.Release|Any CPU.Build.0 = Release|Any CPU
		{A9F69171-7544-4029-A2EA-4E6FF49D2E1C}.Release|x64.ActiveCfg = Release|Any CPU
		{A9F69171-7544-4029-A2EA-4E6FF49D2E1C}.Release|x64.Build.0 = Release|Any CPU
		{A9F69171-7544-4029-A2EA-4E6FF49D2E1C}.Release|x86.ActiveCfg = Release|Any CPU
		{A9F69171-7544-4029-A2EA-4E6FF49D2E1C}.Release|x86.Build.0 = Release|Any CPU
		{6D9717E8-B721-4D30-B2B7-F0267C85AD4A}.Debug|Any CPU.ActiveCfg = Debug|Any CPU
		{6D9717E8-B721-4D30-B2B7-F0267C85AD4A}.Debug|Any CPU.Build.0 = Debug|Any CPU
		{6D9717E8-B721-4D30-B2B7-F0267C85AD4A}.Debug|x64.ActiveCfg = Debug|Any CPU
		{6D9717E8-B721-4D30-B2B7-F0267C85AD4A}.Debug|x64.Build.0 = Debug|Any CPU
		{6D9717E8-B721-4D30-B2B7-F0267C85AD4A}.Debug|x86.ActiveCfg = Debug|Any CPU
		{6D9717E8-B721-4D30-B2B7-F0267C85AD4A}.Debug|x86.Build.0 = Debug|Any CPU
		{6D9717E8-B721-4D30-B2B7-F0267C85AD4A}.Release|Any CPU.ActiveCfg = Release|Any CPU
		{6D9717E8-B721-4D30-B2B7-F0267C85AD4A}.Release|Any CPU.Build.0 = Release|Any CPU
		{6D9717E8-B721-4D30-B2B7-F0267C85AD4A}.Release|x64.ActiveCfg = Release|Any CPU
		{6D9717E8-B721-4D30-B2B7-F0267C85AD4A}.Release|x64.Build.0 = Release|Any CPU
		{6D9717E8-B721-4D30-B2B7-F0267C85AD4A}.Release|x86.ActiveCfg = Release|Any CPU
		{6D9717E8-B721-4D30-B2B7-F0267C85AD4A}.Release|x86.Build.0 = Release|Any CPU
		{2293B396-5FB6-4BDD-9F68-18CAB7209E58}.Debug|Any CPU.ActiveCfg = Debug|Any CPU
		{2293B396-5FB6-4BDD-9F68-18CAB7209E58}.Debug|Any CPU.Build.0 = Debug|Any CPU
		{2293B396-5FB6-4BDD-9F68-18CAB7209E58}.Debug|x64.ActiveCfg = Debug|Any CPU
		{2293B396-5FB6-4BDD-9F68-18CAB7209E58}.Debug|x64.Build.0 = Debug|Any CPU
		{2293B396-5FB6-4BDD-9F68-18CAB7209E58}.Debug|x86.ActiveCfg = Debug|Any CPU
		{2293B396-5FB6-4BDD-9F68-18CAB7209E58}.Debug|x86.Build.0 = Debug|Any CPU
		{2293B396-5FB6-4BDD-9F68-18CAB7209E58}.Release|Any CPU.ActiveCfg = Release|Any CPU
		{2293B396-5FB6-4BDD-9F68-18CAB7209E58}.Release|Any CPU.Build.0 = Release|Any CPU
		{2293B396-5FB6-4BDD-9F68-18CAB7209E58}.Release|x64.ActiveCfg = Release|Any CPU
		{2293B396-5FB6-4BDD-9F68-18CAB7209E58}.Release|x64.Build.0 = Release|Any CPU
		{2293B396-5FB6-4BDD-9F68-18CAB7209E58}.Release|x86.ActiveCfg = Release|Any CPU
		{2293B396-5FB6-4BDD-9F68-18CAB7209E58}.Release|x86.Build.0 = Release|Any CPU
		{D3ACBC2F-7BF6-4032-8359-838F5DA4818D}.Debug|Any CPU.ActiveCfg = Debug|Any CPU
		{D3ACBC2F-7BF6-4032-8359-838F5DA4818D}.Debug|Any CPU.Build.0 = Debug|Any CPU
		{D3ACBC2F-7BF6-4032-8359-838F5DA4818D}.Debug|x64.ActiveCfg = Debug|Any CPU
		{D3ACBC2F-7BF6-4032-8359-838F5DA4818D}.Debug|x64.Build.0 = Debug|Any CPU
		{D3ACBC2F-7BF6-4032-8359-838F5DA4818D}.Debug|x86.ActiveCfg = Debug|Any CPU
		{D3ACBC2F-7BF6-4032-8359-838F5DA4818D}.Debug|x86.Build.0 = Debug|Any CPU
		{D3ACBC2F-7BF6-4032-8359-838F5DA4818D}.Release|Any CPU.ActiveCfg = Release|Any CPU
		{D3ACBC2F-7BF6-4032-8359-838F5DA4818D}.Release|Any CPU.Build.0 = Release|Any CPU
		{D3ACBC2F-7BF6-4032-8359-838F5DA4818D}.Release|x64.ActiveCfg = Release|Any CPU
		{D3ACBC2F-7BF6-4032-8359-838F5DA4818D}.Release|x64.Build.0 = Release|Any CPU
		{D3ACBC2F-7BF6-4032-8359-838F5DA4818D}.Release|x86.ActiveCfg = Release|Any CPU
		{D3ACBC2F-7BF6-4032-8359-838F5DA4818D}.Release|x86.Build.0 = Release|Any CPU
		{D4024E06-CDEF-481F-A516-88D81DA066A3}.Debug|Any CPU.ActiveCfg = Debug|Any CPU
		{D4024E06-CDEF-481F-A516-88D81DA066A3}.Debug|Any CPU.Build.0 = Debug|Any CPU
		{D4024E06-CDEF-481F-A516-88D81DA066A3}.Debug|x64.ActiveCfg = Debug|Any CPU
		{D4024E06-CDEF-481F-A516-88D81DA066A3}.Debug|x64.Build.0 = Debug|Any CPU
		{D4024E06-CDEF-481F-A516-88D81DA066A3}.Debug|x86.ActiveCfg = Debug|Any CPU
		{D4024E06-CDEF-481F-A516-88D81DA066A3}.Debug|x86.Build.0 = Debug|Any CPU
		{D4024E06-CDEF-481F-A516-88D81DA066A3}.Release|Any CPU.ActiveCfg = Release|Any CPU
		{D4024E06-CDEF-481F-A516-88D81DA066A3}.Release|Any CPU.Build.0 = Release|Any CPU
		{D4024E06-CDEF-481F-A516-88D81DA066A3}.Release|x64.ActiveCfg = Release|Any CPU
		{D4024E06-CDEF-481F-A516-88D81DA066A3}.Release|x64.Build.0 = Release|Any CPU
		{D4024E06-CDEF-481F-A516-88D81DA066A3}.Release|x86.ActiveCfg = Release|Any CPU
		{D4024E06-CDEF-481F-A516-88D81DA066A3}.Release|x86.Build.0 = Release|Any CPU
	EndGlobalSection
	GlobalSection(SolutionProperties) = preSolution
		HideSolutionNode = FALSE
	EndGlobalSection
	GlobalSection(NestedProjects) = preSolution
		{14A80081-D97A-405D-9A49-C686ABF00842} = {43FBDDAF-4E0A-4D82-BCB2-002472E7F170}
		{3C655E29-EC24-4364-8C90-E603710C0D11} = {43FBDDAF-4E0A-4D82-BCB2-002472E7F170}
		{D66BFA39-DFC6-4181-8DD6-0C278374ED63} = {3C655E29-EC24-4364-8C90-E603710C0D11}
		{F1165EB2-BEF9-4141-9AE8-0BFE35579C0E} = {3C655E29-EC24-4364-8C90-E603710C0D11}
		{D5D83B14-61B9-40FD-83BF-13C1481522C3} = {3C655E29-EC24-4364-8C90-E603710C0D11}
		{9ADE0C58-CF27-4F58-9EF0-F2DF59594105} = {43FBDDAF-4E0A-4D82-BCB2-002472E7F170}
		{BB0051D2-8692-449E-B20F-6DBD605C7553} = {3D12606D-9919-4874-A10C-E37F1CB84CBC}
		{1661E77C-1DD4-4920-9345-C86D04B37DD6} = {3D12606D-9919-4874-A10C-E37F1CB84CBC}
		{70B2741D-D9AC-47B2-9D0C-78478562C6D5} = {3D12606D-9919-4874-A10C-E37F1CB84CBC}
		{C26F5448-6366-4C78-8E70-A250D5F1C5F1} = {3D12606D-9919-4874-A10C-E37F1CB84CBC}
		{A9F69171-7544-4029-A2EA-4E6FF49D2E1C} = {43FBDDAF-4E0A-4D82-BCB2-002472E7F170}
		{6D9717E8-B721-4D30-B2B7-F0267C85AD4A} = {3D12606D-9919-4874-A10C-E37F1CB84CBC}
		{2293B396-5FB6-4BDD-9F68-18CAB7209E58} = {3D12606D-9919-4874-A10C-E37F1CB84CBC}
		{D3ACBC2F-7BF6-4032-8359-838F5DA4818D} = {3D12606D-9919-4874-A10C-E37F1CB84CBC}
		{D4024E06-CDEF-481F-A516-88D81DA066A3} = {3D12606D-9919-4874-A10C-E37F1CB84CBC}
	EndGlobalSection
	GlobalSection(ExtensibilityGlobals) = postSolution
		SolutionGuid = {4BFB89E1-195E-46FB-8AB6-7632542E82D5}
	EndGlobalSection
EndGlobal
