
Microsoft Visual Studio Solution File, Format Version 12.00
# Visual Studio Version 16
VisualStudioVersion = 16.0.28606.126
MinimumVisualStudioVersion = 15.0.26124.0
Project("{2150E333-8FDC-42A3-9474-1A3956D46DE8}") = "src", "src", "{3D12606D-9919-4874-A10C-E37F1CB84CBC}"
EndProject
Project("{2150E333-8FDC-42A3-9474-1A3956D46DE8}") = "tests", "tests", "{43FBDDAF-4E0A-4D82-BCB2-002472E7F170}"
EndProject
Project("{2150E333-8FDC-42A3-9474-1A3956D46DE8}") = "datas", "datas", "{3C655E29-EC24-4364-8C90-E603710C0D11}"
EndProject
Project("{2150E333-8FDC-42A3-9474-1A3956D46DE8}") = "binary", "binary", "{40BBC8EA-F1B1-49B7-862D-6C6A142A83B9}"
EndProject
Project("{6EC3EE1D-3C4E-46DD-8F32-0CC8E7565705}") = "FsLive.Binary", "src\FsLive.Binary\FsLive.Binary.fsproj", "{9F632200-3834-4315-8C6C-F908024A4C7E}"
EndProject
Project("{6EC3EE1D-3C4E-46DD-8F32-0CC8E7565705}") = "FsLive.Core", "src\FsLive.Core\FsLive.Core.fsproj", "{1C2D2989-DC48-481E-8AF2-DA980E12A5CE}"
EndProject
Project("{6EC3EE1D-3C4E-46DD-8F32-0CC8E7565705}") = "FsLive.Porta", "src\FsLive.Porta\FsLive.Porta.fsproj", "{CA54A1D1-71D4-4837-A7BF-145F34E4D0EF}"
EndProject
Project("{6EC3EE1D-3C4E-46DD-8F32-0CC8E7565705}") = "FsLive.Binary.Tests", "tests\binary\FsLive.Binary.Tests\FsLive.Binary.Tests.fsproj", "{48AB9C1D-F4E1-4E51-827E-DE508E9424F2}"
EndProject
Project("{2150E333-8FDC-42A3-9474-1A3956D46DE8}") = "Scripts", "Scripts", "{46F0D14B-6CF5-4845-AB92-C328E6E19EC1}"
	ProjectSection(SolutionItems) = preProject
		tests\binary\datas\Scripts\Common.fsx = tests\binary\datas\Scripts\Common.fsx
		tests\binary\datas\Scripts\Entry.fsx = tests\binary\datas\Scripts\Entry.fsx
	EndProjectSection
EndProject
Project("{6EC3EE1D-3C4E-46DD-8F32-0CC8E7565705}") = "FsLive.Cli", "src\FsLive.Cli\FsLive.Cli.fsproj", "{6AC24363-42B2-479D-AF90-3A536F450503}"
EndProject
Global
	GlobalSection(SolutionConfigurationPlatforms) = preSolution
		Debug|Any CPU = Debug|Any CPU
		Debug|x64 = Debug|x64
		Debug|x86 = Debug|x86
		Release|Any CPU = Release|Any CPU
		Release|x64 = Release|x64
		Release|x86 = Release|x86
	EndGlobalSection
	GlobalSection(ProjectConfigurationPlatforms) = postSolution
		{9F632200-3834-4315-8C6C-F908024A4C7E}.Debug|Any CPU.ActiveCfg = Debug|Any CPU
		{9F632200-3834-4315-8C6C-F908024A4C7E}.Debug|Any CPU.Build.0 = Debug|Any CPU
		{9F632200-3834-4315-8C6C-F908024A4C7E}.Debug|x64.ActiveCfg = Debug|Any CPU
		{9F632200-3834-4315-8C6C-F908024A4C7E}.Debug|x64.Build.0 = Debug|Any CPU
		{9F632200-3834-4315-8C6C-F908024A4C7E}.Debug|x86.ActiveCfg = Debug|Any CPU
		{9F632200-3834-4315-8C6C-F908024A4C7E}.Debug|x86.Build.0 = Debug|Any CPU
		{9F632200-3834-4315-8C6C-F908024A4C7E}.Release|Any CPU.ActiveCfg = Release|Any CPU
		{9F632200-3834-4315-8C6C-F908024A4C7E}.Release|Any CPU.Build.0 = Release|Any CPU
		{9F632200-3834-4315-8C6C-F908024A4C7E}.Release|x64.ActiveCfg = Release|Any CPU
		{9F632200-3834-4315-8C6C-F908024A4C7E}.Release|x64.Build.0 = Release|Any CPU
		{9F632200-3834-4315-8C6C-F908024A4C7E}.Release|x86.ActiveCfg = Release|Any CPU
		{9F632200-3834-4315-8C6C-F908024A4C7E}.Release|x86.Build.0 = Release|Any CPU
		{1C2D2989-DC48-481E-8AF2-DA980E12A5CE}.Debug|Any CPU.ActiveCfg = Debug|Any CPU
		{1C2D2989-DC48-481E-8AF2-DA980E12A5CE}.Debug|Any CPU.Build.0 = Debug|Any CPU
		{1C2D2989-DC48-481E-8AF2-DA980E12A5CE}.Debug|x64.ActiveCfg = Debug|Any CPU
		{1C2D2989-DC48-481E-8AF2-DA980E12A5CE}.Debug|x64.Build.0 = Debug|Any CPU
		{1C2D2989-DC48-481E-8AF2-DA980E12A5CE}.Debug|x86.ActiveCfg = Debug|Any CPU
		{1C2D2989-DC48-481E-8AF2-DA980E12A5CE}.Debug|x86.Build.0 = Debug|Any CPU
		{1C2D2989-DC48-481E-8AF2-DA980E12A5CE}.Release|Any CPU.ActiveCfg = Release|Any CPU
		{1C2D2989-DC48-481E-8AF2-DA980E12A5CE}.Release|Any CPU.Build.0 = Release|Any CPU
		{1C2D2989-DC48-481E-8AF2-DA980E12A5CE}.Release|x64.ActiveCfg = Release|Any CPU
		{1C2D2989-DC48-481E-8AF2-DA980E12A5CE}.Release|x64.Build.0 = Release|Any CPU
		{1C2D2989-DC48-481E-8AF2-DA980E12A5CE}.Release|x86.ActiveCfg = Release|Any CPU
		{1C2D2989-DC48-481E-8AF2-DA980E12A5CE}.Release|x86.Build.0 = Release|Any CPU
		{CA54A1D1-71D4-4837-A7BF-145F34E4D0EF}.Debug|Any CPU.ActiveCfg = Debug|Any CPU
		{CA54A1D1-71D4-4837-A7BF-145F34E4D0EF}.Debug|Any CPU.Build.0 = Debug|Any CPU
		{CA54A1D1-71D4-4837-A7BF-145F34E4D0EF}.Debug|x64.ActiveCfg = Debug|Any CPU
		{CA54A1D1-71D4-4837-A7BF-145F34E4D0EF}.Debug|x64.Build.0 = Debug|Any CPU
		{CA54A1D1-71D4-4837-A7BF-145F34E4D0EF}.Debug|x86.ActiveCfg = Debug|Any CPU
		{CA54A1D1-71D4-4837-A7BF-145F34E4D0EF}.Debug|x86.Build.0 = Debug|Any CPU
		{CA54A1D1-71D4-4837-A7BF-145F34E4D0EF}.Release|Any CPU.ActiveCfg = Release|Any CPU
		{CA54A1D1-71D4-4837-A7BF-145F34E4D0EF}.Release|Any CPU.Build.0 = Release|Any CPU
		{CA54A1D1-71D4-4837-A7BF-145F34E4D0EF}.Release|x64.ActiveCfg = Release|Any CPU
		{CA54A1D1-71D4-4837-A7BF-145F34E4D0EF}.Release|x64.Build.0 = Release|Any CPU
		{CA54A1D1-71D4-4837-A7BF-145F34E4D0EF}.Release|x86.ActiveCfg = Release|Any CPU
		{CA54A1D1-71D4-4837-A7BF-145F34E4D0EF}.Release|x86.Build.0 = Release|Any CPU
		{48AB9C1D-F4E1-4E51-827E-DE508E9424F2}.Debug|Any CPU.ActiveCfg = Debug|Any CPU
		{48AB9C1D-F4E1-4E51-827E-DE508E9424F2}.Debug|Any CPU.Build.0 = Debug|Any CPU
		{48AB9C1D-F4E1-4E51-827E-DE508E9424F2}.Debug|x64.ActiveCfg = Debug|Any CPU
		{48AB9C1D-F4E1-4E51-827E-DE508E9424F2}.Debug|x64.Build.0 = Debug|Any CPU
		{48AB9C1D-F4E1-4E51-827E-DE508E9424F2}.Debug|x86.ActiveCfg = Debug|Any CPU
		{48AB9C1D-F4E1-4E51-827E-DE508E9424F2}.Debug|x86.Build.0 = Debug|Any CPU
		{48AB9C1D-F4E1-4E51-827E-DE508E9424F2}.Release|Any CPU.ActiveCfg = Release|Any CPU
		{48AB9C1D-F4E1-4E51-827E-DE508E9424F2}.Release|Any CPU.Build.0 = Release|Any CPU
		{48AB9C1D-F4E1-4E51-827E-DE508E9424F2}.Release|x64.ActiveCfg = Release|Any CPU
		{48AB9C1D-F4E1-4E51-827E-DE508E9424F2}.Release|x64.Build.0 = Release|Any CPU
		{48AB9C1D-F4E1-4E51-827E-DE508E9424F2}.Release|x86.ActiveCfg = Release|Any CPU
		{48AB9C1D-F4E1-4E51-827E-DE508E9424F2}.Release|x86.Build.0 = Release|Any CPU
		{6AC24363-42B2-479D-AF90-3A536F450503}.Debug|Any CPU.ActiveCfg = Debug|Any CPU
		{6AC24363-42B2-479D-AF90-3A536F450503}.Debug|Any CPU.Build.0 = Debug|Any CPU
		{6AC24363-42B2-479D-AF90-3A536F450503}.Debug|x64.ActiveCfg = Debug|Any CPU
		{6AC24363-42B2-479D-AF90-3A536F450503}.Debug|x64.Build.0 = Debug|Any CPU
		{6AC24363-42B2-479D-AF90-3A536F450503}.Debug|x86.ActiveCfg = Debug|Any CPU
		{6AC24363-42B2-479D-AF90-3A536F450503}.Debug|x86.Build.0 = Debug|Any CPU
		{6AC24363-42B2-479D-AF90-3A536F450503}.Release|Any CPU.ActiveCfg = Release|Any CPU
		{6AC24363-42B2-479D-AF90-3A536F450503}.Release|Any CPU.Build.0 = Release|Any CPU
		{6AC24363-42B2-479D-AF90-3A536F450503}.Release|x64.ActiveCfg = Release|Any CPU
		{6AC24363-42B2-479D-AF90-3A536F450503}.Release|x64.Build.0 = Release|Any CPU
		{6AC24363-42B2-479D-AF90-3A536F450503}.Release|x86.ActiveCfg = Release|Any CPU
		{6AC24363-42B2-479D-AF90-3A536F450503}.Release|x86.Build.0 = Release|Any CPU
	EndGlobalSection
	GlobalSection(SolutionProperties) = preSolution
		HideSolutionNode = FALSE
	EndGlobalSection
	GlobalSection(NestedProjects) = preSolution
		{3C655E29-EC24-4364-8C90-E603710C0D11} = {40BBC8EA-F1B1-49B7-862D-6C6A142A83B9}
		{40BBC8EA-F1B1-49B7-862D-6C6A142A83B9} = {43FBDDAF-4E0A-4D82-BCB2-002472E7F170}
		{9F632200-3834-4315-8C6C-F908024A4C7E} = {3D12606D-9919-4874-A10C-E37F1CB84CBC}
		{1C2D2989-DC48-481E-8AF2-DA980E12A5CE} = {3D12606D-9919-4874-A10C-E37F1CB84CBC}
		{CA54A1D1-71D4-4837-A7BF-145F34E4D0EF} = {3D12606D-9919-4874-A10C-E37F1CB84CBC}
		{48AB9C1D-F4E1-4E51-827E-DE508E9424F2} = {40BBC8EA-F1B1-49B7-862D-6C6A142A83B9}
		{46F0D14B-6CF5-4845-AB92-C328E6E19EC1} = {3C655E29-EC24-4364-8C90-E603710C0D11}
		{6AC24363-42B2-479D-AF90-3A536F450503} = {3D12606D-9919-4874-A10C-E37F1CB84CBC}
	EndGlobalSection
	GlobalSection(ExtensibilityGlobals) = postSolution
		SolutionGuid = {4BFB89E1-195E-46FB-8AB6-7632542E82D5}
	EndGlobalSection
EndGlobal
